
Microsoft Visual Studio Solution File, Format Version 12.00
# Visual Studio Version 17
VisualStudioVersion = 17.2.32630.192
MinimumVisualStudioVersion = 10.0.40219.1
Project("{888888A0-9F3D-457C-B088-3A5042F75D52}") = "motion_tracking", "motion_tracking.pyproj", "{73D8BF39-7A70-4FD7-92C1-12DE44090170}"
EndProject
Global
	GlobalSection(SolutionConfigurationPlatforms) = preSolution
		Debug|Any CPU = Debug|Any CPU
		Release|Any CPU = Release|Any CPU
	EndGlobalSection
	GlobalSection(ProjectConfigurationPlatforms) = postSolution
		{73D8BF39-7A70-4FD7-92C1-12DE44090170}.Debug|Any CPU.ActiveCfg = Debug|Any CPU
		{73D8BF39-7A70-4FD7-92C1-12DE44090170}.Release|Any CPU.ActiveCfg = Release|Any CPU
	EndGlobalSection
	GlobalSection(SolutionProperties) = preSolution
		HideSolutionNode = FALSE
	EndGlobalSection
	GlobalSection(ExtensibilityGlobals) = postSolution
		SolutionGuid = {A45E43AE-07CF-4E87-B4DB-5ABED1960444}
	EndGlobalSection
EndGlobal
